
Microsoft Visual Studio Solution File, Format Version 12.00
# Visual Studio Version 16
VisualStudioVersion = 16.0.30804.86
MinimumVisualStudioVersion = 10.0.40219.1
Project("{FAE04EC0-301F-11D3-BF4B-00C04F79EFBC}") = "DeliveryManager.Web", "DeliveryManager.Web\DeliveryManager.Web.csproj", "{2EDDA03F-DF6C-4B2B-9942-8EAB6D2C7646}"
EndProject
Global
	GlobalSection(SolutionConfigurationPlatforms) = preSolution
		Debug|Any CPU = Debug|Any CPU
		Release|Any CPU = Release|Any CPU
	EndGlobalSection
	GlobalSection(ProjectConfigurationPlatforms) = postSolution
		{2EDDA03F-DF6C-4B2B-9942-8EAB6D2C7646}.Debug|Any CPU.ActiveCfg = Debug|Any CPU
		{2EDDA03F-DF6C-4B2B-9942-8EAB6D2C7646}.Debug|Any CPU.Build.0 = Debug|Any CPU
		{2EDDA03F-DF6C-4B2B-9942-8EAB6D2C7646}.Release|Any CPU.ActiveCfg = Release|Any CPU
		{2EDDA03F-DF6C-4B2B-9942-8EAB6D2C7646}.Release|Any CPU.Build.0 = Release|Any CPU
	EndGlobalSection
	GlobalSection(SolutionProperties) = preSolution
		HideSolutionNode = FALSE
	EndGlobalSection
	GlobalSection(ExtensibilityGlobals) = postSolution
		SolutionGuid = {9C5532DD-2DAA-48C9-882F-81E098AA54C9}
	EndGlobalSection
EndGlobal
